
Microsoft Visual Studio Solution File, Format Version 12.00
# Visual Studio Version 17
VisualStudioVersion = 17.14.36301.6
MinimumVisualStudioVersion = 10.0.40219.1
Project("{FAE04EC0-301F-11D3-BF4B-00C04F79EFBC}") = "SANTRONIX STM Flash App", "STM Flasher\SANTRONIX STM Flash App.csproj", "{6FCB76ED-0101-46BC-8119-9BC3FB4F6C42}"
	ProjectSection(ProjectDependencies) = postProject
		{2A704F0B-12AA-4700-936E-3EA3560D1432} = {2A704F0B-12AA-4700-936E-3EA3560D1432}
	EndProjectSection
EndProject
Project("{FAE04EC0-301F-11D3-BF4B-00C04F79EFBC}") = "Santronix.IoT.CMD", "Santronix.IoT.STM\Santronix.IoT.CMD.csproj", "{2A704F0B-12AA-4700-936E-3EA3560D1432}"
EndProject
Global
	GlobalSection(SolutionConfigurationPlatforms) = preSolution
		Debug|Any CPU = Debug|Any CPU
		Release|Any CPU = Release|Any CPU
	EndGlobalSection
	GlobalSection(ProjectConfigurationPlatforms) = postSolution
		{6FCB76ED-0101-46BC-8119-9BC3FB4F6C42}.Debug|Any CPU.ActiveCfg = Debug|Any CPU
		{6FCB76ED-0101-46BC-8119-9BC3FB4F6C42}.Debug|Any CPU.Build.0 = Debug|Any CPU
		{6FCB76ED-0101-46BC-8119-9BC3FB4F6C42}.Release|Any CPU.ActiveCfg = Release|Any CPU
		{6FCB76ED-0101-46BC-8119-9BC3FB4F6C42}.Release|Any CPU.Build.0 = Release|Any CPU
		{2A704F0B-12AA-4700-936E-3EA3560D1432}.Debug|Any CPU.ActiveCfg = Debug|Any CPU
		{2A704F0B-12AA-4700-936E-3EA3560D1432}.Debug|Any CPU.Build.0 = Debug|Any CPU
		{2A704F0B-12AA-4700-936E-3EA3560D1432}.Release|Any CPU.ActiveCfg = Release|Any CPU
		{2A704F0B-12AA-4700-936E-3EA3560D1432}.Release|Any CPU.Build.0 = Release|Any CPU
	EndGlobalSection
	GlobalSection(SolutionProperties) = preSolution
		HideSolutionNode = FALSE
	EndGlobalSection
	GlobalSection(ExtensibilityGlobals) = postSolution
		SolutionGuid = {99118E78-7A0F-4D86-B081-CD259795D28B}
	EndGlobalSection
EndGlobal
